{
  "R": {
    "Version": "3.6.1",
    "Repositories": [
      {
        "Name": "BioCsoft",
        "URL": "https://bioconductor.org/packages/3.9/bioc"
      },
      {
        "Name": "BioCann",
        "URL": "https://bioconductor.org/packages/3.9/data/annotation"
      },
      {
        "Name": "BioCexp",
        "URL": "https://bioconductor.org/packages/3.9/data/experiment"
      },
      {
        "Name": "BioCworkflows",
        "URL": "https://bioconductor.org/packages/3.9/workflows"
      },
      {
        "Name": "CRAN",
        "URL": "https://cran.rstudio.com"
      }
    ]
  },
  "Packages": {
    "ALL": {
      "Package": "ALL",
      "Version": "1.26.0",
      "Source": "Bioconductor",
      "Hash": "0e26052c73aa0b42b22734837fb09f1a"
    },
    "AnnotationDbi": {
      "Package": "AnnotationDbi",
      "Version": "1.46.1",
      "Source": "Bioconductor",
      "Hash": "2857246c1d356b0aa4abbc463396a39f"
    },
    "BH": {
      "Package": "BH",
      "Version": "1.69.0-1",
      "Source": "Repository",
      "Repository": "CRAN",
      "Hash": "0fde015f5153e51df44981da0767f522"
    },
    "Biobase": {
      "Package": "Biobase",
      "Version": "2.44.0",
      "Source": "Bioconductor",
      "Hash": "4d603778097e0917bcd309eff2f314f9"
    },
    "BiocGenerics": {
      "Package": "BiocGenerics",
      "Version": "0.30.0",
      "Source": "Bioconductor",
      "Hash": "0e4a1c136ce54159dbc4743379861d92"
    },
    "BiocManager": {
      "Package": "BiocManager",
      "Version": "1.30.7",
      "Source": "Repository",
      "Repository": "CRAN",
      "Hash": "e29381fbd128e7414341ff141c76c4b3"
    },
    "BiocParallel": {
      "Package": "BiocParallel",
      "Version": "1.18.1",
      "Source": "Bioconductor",
      "Hash": "c68291e87e1630c662c42ac0da741c6e"
    },
    "Biostrings": {
      "Package": "Biostrings",
      "Version": "2.52.0",
      "Source": "Bioconductor",
      "Hash": "c2ac14c25233e6cd782f276bfe8b6635"
    },
    "ComplexHeatmap": {
      "Package": "ComplexHeatmap",
      "Version": "2.0.0",
      "Source": "Bioconductor",
      "Hash": "3ca782ddc77dc31ba8ac01fc7e875789"
    },
    "ConsensusClusterPlus": {
      "Package": "ConsensusClusterPlus",
      "Version": "1.48.0",
      "Source": "Bioconductor",
      "Hash": "bb331551aeea0a0c1264cf16bc2f18ea"
    },
    "DBI": {
      "Package": "DBI",
      "Version": "1.0.0",
      "Source": "Repository",
      "Repository": "CRAN",
      "Hash": "2b2b6ea2111e1e57e192765d5013a3c5"
    },
    "DESeq": {
      "Package": "DESeq",
      "Version": "1.36.0",
      "Source": "Bioconductor",
      "Hash": "21cc30dc2b3b8340e5e4e1694bb71431"
    },
    "DelayedArray": {
      "Package": "DelayedArray",
      "Version": "0.10.0",
      "Source": "Bioconductor",
      "Hash": "e2004b1a436de49d8cec7cded2c45a52"
    },
    "EDASeq": {
      "Package": "EDASeq",
      "Version": "2.18.0",
      "Source": "Bioconductor",
      "Hash": "612685922118b0155ab749a420ade23c"
    },
    "GenomeInfoDb": {
      "Package": "GenomeInfoDb",
      "Version": "1.20.0",
      "Source": "Bioconductor",
      "Hash": "c87b874a607724e996b064ee56715b55"
    },
    "GenomeInfoDbData": {
      "Package": "GenomeInfoDbData",
      "Version": "1.2.1",
      "Source": "Bioconductor",
      "Hash": "99d7c713370c539b5d86bc41a344af1f"
    },
    "GenomicAlignments": {
      "Package": "GenomicAlignments",
      "Version": "1.20.1",
      "Source": "Bioconductor",
      "Hash": "87b84e96eecffaa07ce1c0bc43c77719"
    },
    "GenomicFeatures": {
      "Package": "GenomicFeatures",
      "Version": "1.36.4",
      "Source": "Bioconductor",
      "Hash": "0260493f51c4c1fd4b12e3ea70b26237"
    },
    "GenomicRanges": {
      "Package": "GenomicRanges",
      "Version": "1.36.1",
      "Source": "Bioconductor",
      "Hash": "e49d4eeb9bb4456f0ab5aa508da5cbee"
    },
    "GetoptLong": {
      "Package": "GetoptLong",
      "Version": "0.1.7",
      "Source": "Repository",
      "Repository": "CRAN",
      "Hash": "00920f2a2a64e442b453a691d53219ed"
    },
    "GlobalOptions": {
      "Package": "GlobalOptions",
      "Version": "0.1.1",
      "Source": "Repository",
      "Repository": "CRAN",
      "Hash": "6c8136c6f1eb5764cec0917cc6e0c64d"
    },
    "IRanges": {
      "Package": "IRanges",
      "Version": "2.18.3",
      "Source": "Bioconductor",
      "Hash": "8642c8ceeddef8479c94610da5c3a68d"
    },
    "KMsurv": {
      "Package": "KMsurv",
      "Version": "0.1-5",
      "Source": "Repository",
      "Repository": "CRAN",
      "Hash": "597868811ed8ec71f3f2c68a5d88766b"
    },
    "MASS": {
      "Package": "MASS",
      "Version": "7.3-51.4",
      "Source": "Repository",
      "Repository": "CRAN",
      "Hash": "a489ad42493fa9bfac8f3e3a3bc7d4ca"
    },
    "Matrix": {
      "Package": "Matrix",
      "Version": "1.2-17",
      "Source": "Repository",
      "Repository": "CRAN",
      "Hash": "a60009c832f495604f54399f21d89cc8"
    },
    "ProjectTemplate": {
      "Package": "ProjectTemplate",
      "Version": "0.9.0",
      "Source": "GitHub",
      "RemoteType": "github",
      "RemoteHost": "api.github.com",
      "RemoteRepo": "ProjectTemplate",
      "RemoteUsername": "KentonWhite",
      "RemoteRef": "master",
      "RemoteSha": "1e4f7bc5486c445c40ae2c58fa0ca8deeb7baae1",
      "Hash": "0b760ce601170e6be3b8fbf17ff4e151"
    },
    "R.methodsS3": {
      "Package": "R.methodsS3",
      "Version": "1.7.1",
      "Source": "Repository",
      "Repository": "CRAN",
      "Hash": "d2c60692c1500e87b06a602b316817ba"
    },
    "R.oo": {
      "Package": "R.oo",
      "Version": "1.22.0",
      "Source": "Repository",
      "Repository": "CRAN",
      "Hash": "3ed00bcfb667ecbfcc1ddfa07d63e6b3"
    },
    "R.utils": {
      "Package": "R.utils",
      "Version": "2.9.0",
      "Source": "Repository",
      "Repository": "CRAN",
      "Hash": "081935deb684d2f5fdb39d34cba21774"
    },
    "R6": {
      "Package": "R6",
      "Version": "2.4.0",
      "Source": "Repository",
      "Repository": "CRAN",
      "Hash": "92b50d943a7c76c67918c1e1beb68627"
    },
    "RColorBrewer": {
      "Package": "RColorBrewer",
      "Version": "1.1-2",
      "Source": "Repository",
      "Repository": "CRAN",
      "Hash": "f8a3bcc800d613797f1dfdf8ef4f0bfc"
    },
    "RCurl": {
      "Package": "RCurl",
      "Version": "1.95-4.12",
      "Source": "Repository",
      "Repository": "CRAN",
      "Hash": "da83dfabbb92098a20dada46869921a3"
    },
    "RSQLite": {
      "Package": "RSQLite",
      "Version": "2.1.2",
      "Source": "Repository",
      "Repository": "CRAN",
      "Hash": "fae18a167fe102db0947605844a54888"
    },
    "Rcpp": {
      "Package": "Rcpp",
      "Version": "1.0.2",
      "Source": "Repository",
      "Repository": "CRAN",
      "Hash": "c25fa7d5684fa7001ddfea3755243975"
    },
    "Rhtslib": {
      "Package": "Rhtslib",
      "Version": "1.16.2",
      "Source": "Bioconductor",
      "Hash": "bcc366bb91386fb6aae4515fe565eb89"
    },
    "Rsamtools": {
      "Package": "Rsamtools",
      "Version": "2.0.2",
      "Source": "Bioconductor",
      "Hash": "e34e22484aa7b9d992ed53ea36839284"
    },
    "S4Vectors": {
      "Package": "S4Vectors",
      "Version": "0.22.1",
      "Source": "Bioconductor",
      "Hash": "a90c65a0a90f1d43bc407334ef6c1ca8"
    },
    "ShortRead": {
      "Package": "ShortRead",
      "Version": "1.42.0",
      "Source": "Bioconductor",
      "Hash": "79019fff701c9fa7efc94ddb3eca792d"
    },
    "SummarizedExperiment": {
      "Package": "SummarizedExperiment",
      "Version": "1.14.1",
      "Source": "Bioconductor",
      "Hash": "1ffd9fd9c2448bbfcb85756dd857f45b"
    },
    "TCGAbiolinks": {
      "Package": "TCGAbiolinks",
      "Version": "2.13.6",
      "Source": "Bioconductor",
      "RemoteType": "github",
      "RemoteHost": "api.github.com",
      "RemoteRepo": "TCGAbiolinks",
      "RemoteUsername": "BioinformaticsFMRP",
      "RemoteRef": "master",
      "RemoteSha": "3fd0bce10d7da924849c31869b053f16842cae18",
      "Hash": "acc63b43e3f13535543350474e76384f"
    },
    "XML": {
      "Package": "XML",
      "Version": "3.98-1.20",
      "Source": "Repository",
      "Repository": "CRAN",
      "Hash": "870a12f824e6d7729de5cf55927ae1d0"
    },
    "XVector": {
      "Package": "XVector",
      "Version": "0.24.0",
      "Source": "Bioconductor",
      "Hash": "9284faf825d0d98328f4dde7f54857b0"
    },
    "annotate": {
      "Package": "annotate",
      "Version": "1.62.0",
      "Source": "Bioconductor",
      "Hash": "9cf199260cf902e199c183e7478aee96"
    },
    "aroma.light": {
      "Package": "aroma.light",
      "Version": "3.14.0",
      "Source": "Bioconductor",
      "Hash": "e08be291a5bcf7e03b37c71a36e24912"
    },
    "askpass": {
      "Package": "askpass",
      "Version": "1.1",
      "Source": "Repository",
      "Repository": "CRAN",
      "Hash": "46678e19f261db289be40292d8e5d5bf"
    },
    "assertthat": {
      "Package": "assertthat",
      "Version": "0.2.1",
      "Source": "Repository",
      "Repository": "CRAN",
      "Hash": "19fb3d0ad048b4eb1a05cacffbae1f66"
    },
    "backports": {
      "Package": "backports",
      "Version": "1.1.5",
      "Source": "Repository",
      "Repository": "CRAN",
      "Hash": "dbb1e40b6f07d378cce8abc3b5fa6326"
    },
    "biomaRt": {
      "Package": "biomaRt",
      "Version": "2.40.5",
      "Source": "Bioconductor",
      "Hash": "c6ae24d16eb9eb13f3e3b08199040bb6"
    },
    "bit": {
      "Package": "bit",
      "Version": "1.1-14",
      "Source": "Repository",
      "Repository": "CRAN",
      "Hash": "915a13dd2f8633d92971640ed1498e5b"
    },
    "bit64": {
      "Package": "bit64",
      "Version": "0.9-7",
      "Source": "Repository",
      "Repository": "CRAN",
      "Hash": "805d4ae996fa46f4f8436500959d669b"
    },
    "bitops": {
      "Package": "bitops",
      "Version": "1.0-6",
      "Source": "Repository",
      "Repository": "CRAN",
      "Hash": "62408262624d9f8e436f51ca901424e2"
    },
    "blob": {
      "Package": "blob",
      "Version": "1.2.0",
      "Source": "Repository",
      "Repository": "CRAN",
      "Hash": "9ef42c7a122fb0bc78563a7d1da7ba4e"
    },
    "broom": {
      "Package": "broom",
      "Version": "0.5.2",
      "Source": "Repository",
      "Repository": "CRAN",
      "Hash": "a6cfb50e5172a20815db00739aab4e78"
    },
    "circlize": {
      "Package": "circlize",
      "Version": "0.4.8",
      "Source": "Repository",
      "Repository": "CRAN",
      "Hash": "b47733977731517f46933f497197bfda"
    },
    "cli": {
      "Package": "cli",
      "Version": "1.1.0",
      "Source": "Repository",
      "Repository": "CRAN",
      "Hash": "9b3dc7798f53ba3050b41ce4a3febdc5"
    },
    "clipr": {
      "Package": "clipr",
      "Version": "0.7.0",
      "Source": "Repository",
      "Repository": "CRAN",
      "Hash": "9a99b54d2baf9393d0a68b6ea9513ee6"
    },
    "clue": {
      "Package": "clue",
      "Version": "0.3-57",
      "Source": "Repository",
      "Repository": "CRAN",
      "Hash": "7102d4d3246428e560d86a0e45bd0c73"
    },
    "cluster": {
      "Package": "cluster",
      "Version": "2.1.0",
      "Source": "Repository",
      "Repository": "CRAN",
      "Hash": "d683a0521c6448259522eb63627c3807"
    },
    "codetools": {
      "Package": "codetools",
      "Version": "0.2-16",
      "Source": "Repository",
      "Repository": "CRAN",
      "Hash": "3bf2a0853d7faf7f865d0b877946e452"
    },
    "colorspace": {
      "Package": "colorspace",
      "Version": "1.4-1",
      "Source": "Repository",
      "Repository": "CRAN",
      "Hash": "c25d49739abb6ebf4b3d0c3565574226"
    },
    "cowplot": {
      "Package": "cowplot",
      "Version": "1.0.0",
      "Source": "Repository",
      "Repository": "CRAN",
      "Hash": "bae8bf4011199676a147077514a8a5c8"
    },
    "crayon": {
      "Package": "crayon",
      "Version": "1.3.4",
      "Source": "Repository",
      "Repository": "CRAN",
      "Hash": "d308ead32010b8e4d76c4690427da50b"
    },
    "curl": {
      "Package": "curl",
      "Version": "4.2",
      "Source": "Repository",
      "Repository": "CRAN",
      "Hash": "63410438360944341b6bba487340a466"
    },
    "data.table": {
      "Package": "data.table",
      "Version": "1.12.4",
      "Source": "Repository",
      "Repository": "CRAN",
      "Hash": "2a68bf7934581715911a6f1378ac9150"
    },
    "digest": {
      "Package": "digest",
      "Version": "0.6.21",
      "Source": "Repository",
      "Repository": "CRAN",
      "Hash": "5082df7219d58e35b4613c9c687216de"
    },
    "doParallel": {
      "Package": "doParallel",
      "Version": "1.0.15",
      "Source": "Repository",
      "Repository": "CRAN",
      "Hash": "ea9dc2ce170b1a53ba64f0b869664501"
    },
    "downloader": {
      "Package": "downloader",
      "Version": "0.4",
      "Source": "Repository",
      "Repository": "CRAN",
      "Hash": "49907781ae2617dd5481b7c21a426d08"
    },
    "dplyr": {
      "Package": "dplyr",
      "Version": "0.8.3",
      "Source": "Repository",
      "Repository": "CRAN",
      "Hash": "17783831e1e918ab250dcae5dd9c6e03"
    },
    "edgeR": {
      "Package": "edgeR",
      "Version": "3.26.8",
      "Source": "Bioconductor",
      "Hash": "43b3ca934fc977c9618a5875d3f5facd"
    },
    "ellipsis": {
      "Package": "ellipsis",
      "Version": "0.3.0",
      "Source": "Repository",
      "Repository": "CRAN",
      "Hash": "d9e858795a1a4ebfe6960e4514449d40"
    },
    "evaluate": {
      "Package": "evaluate",
      "Version": "0.14",
      "Source": "Repository",
      "Repository": "CRAN",
      "Hash": "5a6c1949963e0785dbcbb0556337d61e"
    },
    "exactRankTests": {
      "Package": "exactRankTests",
      "Version": "0.8-30",
      "Source": "Repository",
      "Repository": "CRAN",
      "Hash": "d02ac58732ac82b42336fc8dc7d8880c"
    },
    "fansi": {
      "Package": "fansi",
      "Version": "0.4.0",
      "Source": "Repository",
      "Repository": "CRAN",
      "Hash": "cd87b0162287f0da225edfaa2fd3a20c"
    },
    "foreach": {
      "Package": "foreach",
      "Version": "1.4.7",
      "Source": "Repository",
      "Repository": "CRAN",
      "Hash": "679941326860ea87464d7f010341fb05"
    },
    "formatR": {
      "Package": "formatR",
      "Version": "1.7",
      "Source": "Repository",
      "Repository": "CRAN",
      "Hash": "354c9ec18f1af190edb192828a09d071"
    },
    "futile.logger": {
      "Package": "futile.logger",
      "Version": "1.4.3",
      "Source": "Repository",
      "Repository": "CRAN",
      "Hash": "144bee5331e1d299f74488fa67720383"
    },
    "futile.options": {
      "Package": "futile.options",
      "Version": "1.0.1",
      "Source": "Repository",
      "Repository": "CRAN",
      "Hash": "316bc8cef56892b0b39ac29579bd878c"
    },
    "genefilter": {
      "Package": "genefilter",
      "Version": "1.66.0",
      "Source": "Bioconductor",
      "Hash": "e8e433dbc8e2ee2869245a447f2f22e2"
    },
    "geneplotter": {
      "Package": "geneplotter",
      "Version": "1.62.0",
      "Source": "Bioconductor",
      "Hash": "22bfcc9953a603827229e175d812bc81"
    },
    "generics": {
      "Package": "generics",
      "Version": "0.0.2",
      "Source": "Repository",
      "Repository": "CRAN",
      "Hash": "4e8e453aff36dd8ddac10ff157083e4f"
    },
    "ggplot2": {
      "Package": "ggplot2",
      "Version": "3.2.1",
      "Source": "Repository",
      "Repository": "CRAN",
      "Hash": "635db021d29f3523c4f88e82d0c01c5e"
    },
    "ggpubr": {
      "Package": "ggpubr",
      "Version": "0.2.3.999",
      "Source": "GitHub",
      "RemoteType": "github",
      "RemoteHost": "api.github.com",
      "RemoteRepo": "ggpubr",
      "RemoteUsername": "kassambara",
      "RemoteRef": "master",
      "RemoteSha": "82f8071d28efdd4198361407785afae15de2c5e1",
      "Hash": "57407564c71e44925170ccc879d2b20d"
    },
    "ggrepel": {
      "Package": "ggrepel",
      "Version": "0.8.1",
      "Source": "Repository",
      "Repository": "CRAN",
      "Hash": "61257084e976294d3c97de988469d019"
    },
    "ggsci": {
      "Package": "ggsci",
      "Version": "2.9",
      "Source": "Repository",
      "Repository": "CRAN",
      "Hash": "f42bc4b0ee6da5125eb1268985121ad6"
    },
    "ggsignif": {
      "Package": "ggsignif",
      "Version": "0.6.0",
      "Source": "Repository",
      "Repository": "CRAN",
      "Hash": "9e277d8d9d16fae2a45b90395961036a"
    },
    "ggthemes": {
      "Package": "ggthemes",
      "Version": "4.2.0",
      "Source": "Repository",
      "Repository": "CRAN",
      "Hash": "bc3e11207ac8dc4df1532663c4cf6a7a"
    },
    "glue": {
      "Package": "glue",
      "Version": "1.3.1",
      "Source": "Repository",
      "Repository": "CRAN",
      "Hash": "e8436e647719b7c9d01409767cd88cc8"
    },
    "gridExtra": {
      "Package": "gridExtra",
      "Version": "2.3",
      "Source": "Repository",
      "Repository": "CRAN",
      "Hash": "4626f6a59a3b1095e7bdc7bd02a3107f"
    },
    "gtable": {
      "Package": "gtable",
      "Version": "0.3.0",
      "Source": "Repository",
      "Repository": "CRAN",
      "Hash": "6a58b2980a57345822ec5f9c7d2d1751"
    },
    "highr": {
      "Package": "highr",
      "Version": "0.8",
      "Source": "Repository",
      "Repository": "CRAN",
      "Hash": "43e36bc8bca1d8256f86933659c46349"
    },
    "hms": {
      "Package": "hms",
      "Version": "0.5.1",
      "Source": "Repository",
      "Repository": "CRAN",
      "Hash": "5c9cbb0d6f49109be1a771d963801847"
    },
    "httr": {
      "Package": "httr",
      "Version": "1.4.1",
      "Source": "Repository",
      "Repository": "CRAN",
      "Hash": "5dbd937df2ed15043fd4b49e1e217030"
    },
    "hwriter": {
      "Package": "hwriter",
      "Version": "1.3.2",
      "Source": "Repository",
      "Repository": "CRAN",
      "Hash": "7d69dd504b35e03794fb1485b5287f6e"
    },
    "iterators": {
      "Package": "iterators",
      "Version": "1.0.12",
      "Source": "Repository",
      "Repository": "CRAN",
      "Hash": "30ef58a17d970ae05c85793da79152d6"
    },
    "jsonlite": {
      "Package": "jsonlite",
      "Version": "1.6",
      "Source": "Repository",
      "Repository": "CRAN",
      "Hash": "b7e67b6a7bc2fdae729c0f3ff9026a8a"
    },
    "km.ci": {
      "Package": "km.ci",
      "Version": "0.5-2",
      "Source": "Repository",
      "Repository": "CRAN",
      "Hash": "097c62d92771d8c8324eb82652435469"
    },
    "knitr": {
      "Package": "knitr",
      "Version": "1.25",
      "Source": "Repository",
      "Repository": "CRAN",
      "Hash": "33a3a009f5e7c3606d6851692bf703d9"
    },
    "labeling": {
      "Package": "labeling",
      "Version": "0.3",
      "Source": "Repository",
      "Repository": "CRAN",
      "Hash": "e1f613894f080d1eee41c34b281a2184"
    },
    "lambda.r": {
      "Package": "lambda.r",
      "Version": "1.2.4",
      "Source": "Repository",
      "Repository": "CRAN",
      "Hash": "0da3ced31705e2541a3cf0d8b54a81b7"
    },
    "lattice": {
      "Package": "lattice",
      "Version": "0.20-38",
      "Source": "Repository",
      "Repository": "CRAN",
      "Hash": "6f7aa123115b33bc9ad1ca800874b1de"
    },
    "latticeExtra": {
      "Package": "latticeExtra",
      "Version": "0.6-28",
      "Source": "Repository",
      "Repository": "CRAN",
      "Hash": "693779e46ee894695df882436c360bbe"
    },
    "lazyeval": {
      "Package": "lazyeval",
      "Version": "0.2.2",
      "Source": "Repository",
      "Repository": "CRAN",
      "Hash": "d2f5e98b8b7ae633e252830c3243c2ab"
    },
    "lifecycle": {
      "Package": "lifecycle",
      "Version": "0.1.0",
      "Source": "Repository",
      "Repository": "CRAN",
      "Hash": "670a552ae202a4f69e2e644f524dfffd"
    },
    "limma": {
      "Package": "limma",
      "Version": "3.40.6",
      "Source": "Bioconductor",
      "Hash": "ef61ab6d661ca1b7c5ff011f88cfd857"
    },
    "locfit": {
      "Package": "locfit",
      "Version": "1.5-9.1",
      "Source": "Repository",
      "Repository": "CRAN",
      "Hash": "bc02f08f3c70d06ddc288ea47cb35f03"
    },
    "magrittr": {
      "Package": "magrittr",
      "Version": "1.5",
      "Source": "Repository",
      "Repository": "CRAN",
      "Hash": "dee1d97cffddfd3ed969e224bd0826d0"
    },
    "markdown": {
      "Package": "markdown",
      "Version": "1.1",
      "Source": "Repository",
      "Repository": "CRAN",
      "Hash": "80e1f73841614fa35f82a85d66fb41da"
    },
    "matlab": {
      "Package": "matlab",
      "Version": "1.0.2",
      "Source": "Repository",
      "Repository": "CRAN",
      "Hash": "f4f21f3f7ccee0622b6bf42a2d196045"
    },
    "matrixStats": {
      "Package": "matrixStats",
      "Version": "0.55.0",
      "Source": "Repository",
      "Repository": "CRAN",
      "Hash": "28f650d606e706f94858de75e7c224f3"
    },
    "maxstat": {
      "Package": "maxstat",
      "Version": "0.7-25",
      "Source": "Repository",
      "Repository": "CRAN",
      "Hash": "10dedd1f603fc1ca139c9f2fbf23b863"
    },
    "memoise": {
      "Package": "memoise",
      "Version": "1.1.0",
      "Source": "Repository",
      "Repository": "CRAN",
      "Hash": "22ca9b285c10f5dd8c4d1e90231ce558"
    },
    "mgcv": {
      "Package": "mgcv",
      "Version": "1.8-29",
      "Source": "Repository",
      "Repository": "CRAN",
      "Hash": "3d19f03b6ca6c8c49619f98d21c7dd4b"
    },
    "mime": {
      "Package": "mime",
      "Version": "0.7",
      "Source": "Repository",
      "Repository": "CRAN",
      "Hash": "908d95ccbfd1dd274073ef07a7c93934"
    },
    "munsell": {
      "Package": "munsell",
      "Version": "0.5.0",
      "Source": "Repository",
      "Repository": "CRAN",
      "Hash": "9111af6c6dec65538ebd3de6c0bae864"
    },
    "mvtnorm": {
      "Package": "mvtnorm",
      "Version": "1.0-11",
      "Source": "Repository",
      "Repository": "CRAN",
      "Hash": "976bd3e7229aefd84d9d5cf032646601"
    },
    "nlme": {
      "Package": "nlme",
      "Version": "3.1-141",
      "Source": "Repository",
      "Repository": "CRAN",
      "Hash": "be8db89838a17117a4083e72350443e0"
    },
    "openssl": {
      "Package": "openssl",
      "Version": "1.4.1",
      "Source": "Repository",
      "Repository": "CRAN",
      "Hash": "6c438de366d5693238d1c400deb66cb6"
    },
    "pillar": {
      "Package": "pillar",
      "Version": "1.4.2",
      "Source": "Repository",
      "Repository": "CRAN",
      "Hash": "57645ff795277554eee14df5bcee8025"
    },
    "pkgconfig": {
      "Package": "pkgconfig",
      "Version": "2.0.3",
      "Source": "Repository",
      "Repository": "CRAN",
      "Hash": "587295d4cdb937d4e3cf19bd46829326"
    },
    "plogr": {
      "Package": "plogr",
      "Version": "0.2.0",
      "Source": "Repository",
      "Repository": "CRAN",
      "Hash": "1a8304cc1382ef64e3b710ba589d7bc0"
    },
    "plyr": {
      "Package": "plyr",
      "Version": "1.8.4",
      "Source": "Repository",
      "Repository": "CRAN",
      "Hash": "37dd0f3aadee2ac99e47168f4bffddb7"
    },
    "png": {
      "Package": "png",
      "Version": "0.1-7",
      "Source": "Repository",
      "Repository": "CRAN",
      "Hash": "2facb7d8929420c91d1ddc8d4636f787"
    },
    "polynom": {
      "Package": "polynom",
      "Version": "1.4-0",
      "Source": "Repository",
      "Repository": "CRAN",
      "Hash": "b6d95b8b8c64321e838d3c18b6ebff65"
    },
    "prettyunits": {
      "Package": "prettyunits",
      "Version": "1.0.2",
      "Source": "Repository",
      "Repository": "CRAN",
      "Hash": "33ce93b23647e85c127f8e1bb08604fc"
    },
    "progress": {
      "Package": "progress",
      "Version": "1.2.2",
      "Source": "Repository",
      "Repository": "CRAN",
      "Hash": "e8c47e04650b07d40c3c50a878a4dffa"
    },
    "purrr": {
      "Package": "purrr",
      "Version": "0.3.2",
      "Source": "Repository",
      "Repository": "CRAN",
      "Hash": "c360ab7eabd6e38a83f2475eb97c6344"
    },
    "readr": {
      "Package": "readr",
      "Version": "1.3.1",
      "Source": "Repository",
      "Repository": "CRAN",
      "Hash": "60167b7ec3de99e76ff406aaf0f83bb4"
    },
    "renv": {
      "Package": "renv",
      "Version": "0.7.1-19",
      "Source": "GitHub",
      "RemoteType": "github",
      "RemoteHost": "api.github.com",
      "RemoteRepo": "renv",
      "RemoteUsername": "rstudio",
      "RemoteRef": "master",
      "RemoteSha": "08b6e0638ff5a09a7fd8048e27d8e610294dae3a",
      "Hash": "948145d3c30d00a2b1e7bd47f0a98450"
    },
    "reshape2": {
      "Package": "reshape2",
      "Version": "1.4.3",
      "Source": "Repository",
      "Repository": "CRAN",
      "Hash": "ac685130d1a25e3f6470960fd29c5693"
    },
    "rjson": {
      "Package": "rjson",
      "Version": "0.2.20",
      "Source": "Repository",
      "Repository": "CRAN",
      "Hash": "d3349736ec0f60d05591c316b926382e"
    },
    "rlang": {
      "Package": "rlang",
      "Version": "0.4.0",
      "Source": "Repository",
      "Repository": "CRAN",
      "Hash": "8f1bf3a54c8844dc254baabba61cb6a9"
    },
    "rtracklayer": {
      "Package": "rtracklayer",
      "Version": "1.44.4",
      "Source": "Bioconductor",
      "Hash": "17908e96fb8e8916064e44f6fd0c6224"
    },
    "rvest": {
      "Package": "rvest",
      "Version": "0.3.4",
      "Source": "Repository",
      "Repository": "CRAN",
      "Hash": "76bb112bc3833454dc701230aa9cb3ed"
    },
    "scales": {
      "Package": "scales",
      "Version": "1.0.0",
      "Source": "Repository",
      "Repository": "CRAN",
      "Hash": "a96e9571cd875b7b934990d85b7a3c18"
    },
    "selectr": {
      "Package": "selectr",
      "Version": "0.4-1",
      "Source": "Repository",
      "Repository": "CRAN",
      "Hash": "40ccee5dc2b97e197648525aefcfd0ba"
    },
    "shape": {
      "Package": "shape",
      "Version": "1.4.4",
      "Source": "Repository",
      "Repository": "CRAN",
      "Hash": "8fa55e90bb9c5bcf45e1fcb44087b0bf"
    },
    "snow": {
      "Package": "snow",
      "Version": "0.4-3",
      "Source": "Repository",
      "Repository": "CRAN",
      "Hash": "7165293dfb527aae9a72e80d5f31ac81"
    },
    "stringi": {
      "Package": "stringi",
      "Version": "1.4.3",
      "Source": "Repository",
      "Repository": "CRAN",
      "Hash": "113506f116db9dd5bd1caf46884e0647"
    },
    "stringr": {
      "Package": "stringr",
      "Version": "1.4.0",
      "Source": "Repository",
      "Repository": "CRAN",
      "Hash": "41d6310ad18bd019a203d7adc496a28b"
    },
    "survMisc": {
      "Package": "survMisc",
      "Version": "0.5.5",
      "Source": "Repository",
      "Repository": "CRAN",
      "Hash": "0da5b0b11d59a1d6f4d5984549e24175"
    },
    "survival": {
      "Package": "survival",
      "Version": "2.44-1.1",
      "Source": "Repository",
      "Repository": "CRAN",
      "Hash": "20bdedb74dc2c866f51e4ec9133480b1"
    },
    "survminer": {
      "Package": "survminer",
      "Version": "0.4.6.999",
      "Source": "GitHub",
      "RemoteType": "github",
      "RemoteHost": "api.github.com",
      "RemoteRepo": "survminer",
      "RemoteUsername": "kassambara",
      "RemoteRef": "master",
      "RemoteSha": "e3a1556856391d31c1faf230a497c9fdfd7caa54",
      "Hash": "6d6d0a10e101d21ceca13be66ca06c05"
    },
    "sva": {
      "Package": "sva",
      "Version": "3.32.1",
      "Source": "Bioconductor",
      "Hash": "0422caca63270deee84ca91ff0e76249"
    },
    "sys": {
      "Package": "sys",
      "Version": "3.3",
      "Source": "Repository",
      "Repository": "CRAN",
      "Hash": "9ecf6bee5958b8977bd1db3131978a71"
    },
    "tibble": {
      "Package": "tibble",
      "Version": "2.1.3",
      "Source": "Repository",
      "Repository": "CRAN",
      "Hash": "a8d41bd284e21ab7e776d228dc5bac91"
    },
    "tidyr": {
      "Package": "tidyr",
      "Version": "1.0.0",
      "Source": "Repository",
      "Repository": "CRAN",
      "Hash": "8b597bb9db2885612b6bafbc2f83bd08"
    },
    "tidyselect": {
      "Package": "tidyselect",
      "Version": "0.2.5",
      "Source": "Repository",
      "Repository": "CRAN",
      "Hash": "dc3fcbc21f04b293e0794e24982cf357"
    },
    "utf8": {
      "Package": "utf8",
      "Version": "1.1.4",
      "Source": "Repository",
      "Repository": "CRAN",
      "Hash": "3f1a5a5b184f63379f8e6c08d5036c53"
    },
    "vctrs": {
      "Package": "vctrs",
      "Version": "0.2.0",
      "Source": "Repository",
      "Repository": "CRAN",
      "Hash": "4bdc6a6c4c5a434d880b73817d4ea641"
    },
    "viridisLite": {
      "Package": "viridisLite",
      "Version": "0.3.0",
      "Source": "Repository",
      "Repository": "CRAN",
      "Hash": "1f264fa42320c4f44b1689d89101e823"
    },
    "withr": {
      "Package": "withr",
      "Version": "2.1.2",
      "Source": "Repository",
      "Repository": "CRAN",
      "Hash": "7c9aef08038f47e6c1532ed574a0e087"
    },
    "xfun": {
      "Package": "xfun",
      "Version": "0.10",
      "Source": "Repository",
      "Repository": "CRAN",
      "Hash": "b22f06440a75a69aa0c6c04cf5278d83"
    },
    "xml2": {
      "Package": "xml2",
      "Version": "1.2.2",
      "Source": "Repository",
      "Repository": "CRAN",
      "Hash": "22fa8b694a7ffcec094bfb94a405595d"
    },
    "xtable": {
      "Package": "xtable",
      "Version": "1.8-4",
      "Source": "Repository",
      "Repository": "CRAN",
      "Hash": "48f60fcc0974ce72870076d48038df2d"
    },
    "yaml": {
      "Package": "yaml",
      "Version": "2.2.0",
      "Source": "Repository",
      "Repository": "CRAN",
      "Hash": "3a313c96061c4ac790de611dc57ebd1f"
    },
    "zeallot": {
      "Package": "zeallot",
      "Version": "0.1.0",
      "Source": "Repository",
      "Repository": "CRAN",
      "Hash": "45d65588b02d47970fc84adecb2ee664"
    },
    "zlibbioc": {
      "Package": "zlibbioc",
      "Version": "1.30.0",
      "Source": "Bioconductor",
      "Hash": "cba7d1ac927c10163986b6ac6daabbd5"
    },
    "zoo": {
      "Package": "zoo",
      "Version": "1.8-6",
      "Source": "Repository",
      "Repository": "CRAN",
      "Hash": "6a408ac88994695f76d7b4f7f19c4006"
    }
  }
}
